
Microsoft Visual Studio Solution File, Format Version 12.00
# Visual Studio 15
VisualStudioVersion = 15.0.28010.0
MinimumVisualStudioVersion = 10.0.40219.1
Project("{FAE04EC0-301F-11D3-BF4B-00C04F79EFBC}") = "electroneum-classic-csharp", "electroneum-classic-csharp\electroneum-classic-csharp.csproj", "{8D1D85F4-74B7-4EDC-A4B1-D314EE611755}"
EndProject
Project("{FAE04EC0-301F-11D3-BF4B-00C04F79EFBC}") = "etncUtil", "etncUtil\etncUtil.csproj", "{03BEBBCE-94BF-4A00-BE4D-AD95B4A3566D}"
EndProject
Project("{FAE04EC0-301F-11D3-BF4B-00C04F79EFBC}") = "etncConsole", "etncConsole\etncConsole.csproj", "{FACFB624-ED8F-495F-9756-1A9AC7A495E0}"
EndProject
Global
	GlobalSection(SolutionConfigurationPlatforms) = preSolution
		Debug|Any CPU = Debug|Any CPU
		Release|Any CPU = Release|Any CPU
	EndGlobalSection
	GlobalSection(ProjectConfigurationPlatforms) = postSolution
		{8D1D85F4-74B7-4EDC-A4B1-D314EE611755}.Debug|Any CPU.ActiveCfg = Debug|Any CPU
		{8D1D85F4-74B7-4EDC-A4B1-D314EE611755}.Debug|Any CPU.Build.0 = Debug|Any CPU
		{8D1D85F4-74B7-4EDC-A4B1-D314EE611755}.Release|Any CPU.ActiveCfg = Release|Any CPU
		{8D1D85F4-74B7-4EDC-A4B1-D314EE611755}.Release|Any CPU.Build.0 = Release|Any CPU
		{03BEBBCE-94BF-4A00-BE4D-AD95B4A3566D}.Debug|Any CPU.ActiveCfg = Debug|Any CPU
		{03BEBBCE-94BF-4A00-BE4D-AD95B4A3566D}.Debug|Any CPU.Build.0 = Debug|Any CPU
		{03BEBBCE-94BF-4A00-BE4D-AD95B4A3566D}.Release|Any CPU.ActiveCfg = Release|Any CPU
		{03BEBBCE-94BF-4A00-BE4D-AD95B4A3566D}.Release|Any CPU.Build.0 = Release|Any CPU
		{FACFB624-ED8F-495F-9756-1A9AC7A495E0}.Debug|Any CPU.ActiveCfg = Debug|Any CPU
		{FACFB624-ED8F-495F-9756-1A9AC7A495E0}.Debug|Any CPU.Build.0 = Debug|Any CPU
		{FACFB624-ED8F-495F-9756-1A9AC7A495E0}.Release|Any CPU.ActiveCfg = Release|Any CPU
		{FACFB624-ED8F-495F-9756-1A9AC7A495E0}.Release|Any CPU.Build.0 = Release|Any CPU
	EndGlobalSection
	GlobalSection(SolutionProperties) = preSolution
		HideSolutionNode = FALSE
	EndGlobalSection
	GlobalSection(ExtensibilityGlobals) = postSolution
		SolutionGuid = {2ED2A98E-54CB-4527-A917-52A1DE39A427}
	EndGlobalSection
EndGlobal
